
Microsoft Visual Studio Solution File, Format Version 12.00
# Visual Studio Version 17
VisualStudioVersion = 17.0.32126.317
MinimumVisualStudioVersion = 10.0.40219.1
Project("{FAE04EC0-301F-11D3-BF4B-00C04F79EFBC}") = "Domain", "Domain\Domain.csproj", "{41FC501B-778C-4085-A2BA-E60C0849AF52}"
EndProject
Project("{FAE04EC0-301F-11D3-BF4B-00C04F79EFBC}") = "DataAccess", "DataAccess\DataAccess.csproj", "{50A71A40-5A53-4842-A11F-241C164C46FE}"
EndProject
Project("{FAE04EC0-301F-11D3-BF4B-00C04F79EFBC}") = "Application", "Application\Application.csproj", "{C033D371-4811-4B3B-9A8A-A81F02FE4F9A}"
EndProject
Project("{FAE04EC0-301F-11D3-BF4B-00C04F79EFBC}") = "MinimalApi", "MinimalApi\MinimalApi.csproj", "{017572EE-EF3B-4878-B755-27252815C421}"
EndProject
Global
	GlobalSection(SolutionConfigurationPlatforms) = preSolution
		Debug|Any CPU = Debug|Any CPU
		Release|Any CPU = Release|Any CPU
	EndGlobalSection
	GlobalSection(ProjectConfigurationPlatforms) = postSolution
		{41FC501B-778C-4085-A2BA-E60C0849AF52}.Debug|Any CPU.ActiveCfg = Debug|Any CPU
		{41FC501B-778C-4085-A2BA-E60C0849AF52}.Debug|Any CPU.Build.0 = Debug|Any CPU
		{41FC501B-778C-4085-A2BA-E60C0849AF52}.Release|Any CPU.ActiveCfg = Release|Any CPU
		{41FC501B-778C-4085-A2BA-E60C0849AF52}.Release|Any CPU.Build.0 = Release|Any CPU
		{50A71A40-5A53-4842-A11F-241C164C46FE}.Debug|Any CPU.ActiveCfg = Debug|Any CPU
		{50A71A40-5A53-4842-A11F-241C164C46FE}.Debug|Any CPU.Build.0 = Debug|Any CPU
		{50A71A40-5A53-4842-A11F-241C164C46FE}.Release|Any CPU.ActiveCfg = Release|Any CPU
		{50A71A40-5A53-4842-A11F-241C164C46FE}.Release|Any CPU.Build.0 = Release|Any CPU
		{C033D371-4811-4B3B-9A8A-A81F02FE4F9A}.Debug|Any CPU.ActiveCfg = Debug|Any CPU
		{C033D371-4811-4B3B-9A8A-A81F02FE4F9A}.Debug|Any CPU.Build.0 = Debug|Any CPU
		{C033D371-4811-4B3B-9A8A-A81F02FE4F9A}.Release|Any CPU.ActiveCfg = Release|Any CPU
		{C033D371-4811-4B3B-9A8A-A81F02FE4F9A}.Release|Any CPU.Build.0 = Release|Any CPU
		{017572EE-EF3B-4878-B755-27252815C421}.Debug|Any CPU.ActiveCfg = Debug|Any CPU
		{017572EE-EF3B-4878-B755-27252815C421}.Debug|Any CPU.Build.0 = Debug|Any CPU
		{017572EE-EF3B-4878-B755-27252815C421}.Release|Any CPU.ActiveCfg = Release|Any CPU
		{017572EE-EF3B-4878-B755-27252815C421}.Release|Any CPU.Build.0 = Release|Any CPU
	EndGlobalSection
	GlobalSection(SolutionProperties) = preSolution
		HideSolutionNode = FALSE
	EndGlobalSection
	GlobalSection(ExtensibilityGlobals) = postSolution
		SolutionGuid = {33BAE7A4-58D5-41A0-8B8E-9DABEB5CE168}
	EndGlobalSection
EndGlobal
